
Microsoft Visual Studio Solution File, Format Version 12.00
# Visual Studio Version 16
VisualStudioVersion = 16.0.30114.105
MinimumVisualStudioVersion = 10.0.40219.1
Project("{FAE04EC0-301F-11D3-BF4B-00C04F79EFBC}") = "Kanyon.Kubernetes.CertManager", "Kanyon.CertManager\Kanyon.Kubernetes.CertManager.csproj", "{AAFD9E7F-1F90-47F8-941A-E8733030FB80}"
EndProject
Global
	GlobalSection(SolutionConfigurationPlatforms) = preSolution
		Debug|Any CPU = Debug|Any CPU
		Release|Any CPU = Release|Any CPU
	EndGlobalSection
	GlobalSection(ProjectConfigurationPlatforms) = postSolution
		{AAFD9E7F-1F90-47F8-941A-E8733030FB80}.Debug|Any CPU.ActiveCfg = Debug|Any CPU
		{AAFD9E7F-1F90-47F8-941A-E8733030FB80}.Debug|Any CPU.Build.0 = Debug|Any CPU
		{AAFD9E7F-1F90-47F8-941A-E8733030FB80}.Release|Any CPU.ActiveCfg = Release|Any CPU
		{AAFD9E7F-1F90-47F8-941A-E8733030FB80}.Release|Any CPU.Build.0 = Release|Any CPU
	EndGlobalSection
	GlobalSection(SolutionProperties) = preSolution
		HideSolutionNode = FALSE
	EndGlobalSection
	GlobalSection(ExtensibilityGlobals) = postSolution
		SolutionGuid = {E7E18F45-BCBF-45E2-9C4F-6D4E4FD2BCFB}
	EndGlobalSection
EndGlobal
